{
  "name": "typedef-precentage",
  "version": "1.0.0",
  "lockfileVersion": 3,
  "requires": true,
  "packages": {
    "": {
      "name": "typedef-precentage",
      "version": "1.0.0",
      "dependencies": {
        "@types/node": "^20.11.7",
        "bun": "^1.0.25",
        "prettier": "^3.2.4",
        "typescript": "^5.3.3"
      }
    },
    "node_modules/@oven/bun-darwin-aarch64": {
      "version": "1.0.25",
      "resolved": "https://registry.npmjs.org/@oven/bun-darwin-aarch64/-/bun-darwin-aarch64-1.0.25.tgz",
      "integrity": "sha512-Yt1FJhpMotQZ7dB+mFE3SJN+tUsRA9Z6DJpW4s79KAxrIUDbYcpCxasGR/0uV/oowBAD8FkST8d4KN2yU8oyYw==",
      "cpu": [
        "arm64"
      ],
      "optional": true,
      "os": [
        "darwin"
      ]
    },
    "node_modules/@oven/bun-darwin-x64": {
      "version": "1.0.25",
      "resolved": "https://registry.npmjs.org/@oven/bun-darwin-x64/-/bun-darwin-x64-1.0.25.tgz",
      "integrity": "sha512-eqF9FPavqkbtFLTk1w9GVGsLKh2q1d4jXunrHo9F48sZ5n3eHtdt3BvsB8zV8GnIEMOjYFaBuydRo7Y9URr4dg==",
      "cpu": [
        "x64"
      ],
      "optional": true,
      "os": [
        "darwin"
      ]
    },
    "node_modules/@oven/bun-darwin-x64-baseline": {
      "version": "1.0.25",
      "resolved": "https://registry.npmjs.org/@oven/bun-darwin-x64-baseline/-/bun-darwin-x64-baseline-1.0.25.tgz",
      "integrity": "sha512-e2zm5xRH4VvgTu7U9PxxpuT/kYmynkEY+6CT7SvmCokCEBCIszsM54offhYQ3iL5bRcP4DNQ7OwbUI5CpS8rnQ==",
      "cpu": [
        "x64"
      ],
      "optional": true,
      "os": [
        "darwin"
      ]
    },
    "node_modules/@oven/bun-linux-aarch64": {
      "version": "1.0.25",
      "resolved": "https://registry.npmjs.org/@oven/bun-linux-aarch64/-/bun-linux-aarch64-1.0.25.tgz",
      "integrity": "sha512-h1NIoNTfr9ol5mYCIRFm8zsekmPWMUTNYzRLyV4Rdivfbf51u5OEI/DA9I/7+sHnd6WqdL+xcWQsAu0xjsWe+w==",
      "cpu": [
        "arm64"
      ],
      "optional": true,
      "os": [
        "linux"
      ]
    },
    "node_modules/@oven/bun-linux-x64": {
      "version": "1.0.25",
      "resolved": "https://registry.npmjs.org/@oven/bun-linux-x64/-/bun-linux-x64-1.0.25.tgz",
      "integrity": "sha512-2cXW8V9ZYWKeI5XzOE4bQgnJ2No96I0kt7jLASn04mXJNStmxPnYS6BBzqxGNHeNx3kVhQcf3kHsO4Z3+GKyag==",
      "cpu": [
        "x64"
      ],
      "optional": true,
      "os": [
        "linux"
      ]
    },
    "node_modules/@oven/bun-linux-x64-baseline": {
      "version": "1.0.25",
      "resolved": "https://registry.npmjs.org/@oven/bun-linux-x64-baseline/-/bun-linux-x64-baseline-1.0.25.tgz",
      "integrity": "sha512-jHp0OfKeZwNbzi8f0Be6SGRof3JUktH3nw1p6MlurXAUP9fcViRPouUqlwp+Valvu1bPQd2mNkvJLZvN1E0K7Q==",
      "cpu": [
        "x64"
      ],
      "optional": true,
      "os": [
        "linux"
      ]
    },
    "node_modules/@types/node": {
      "version": "20.11.7",
      "resolved": "https://registry.npmjs.org/@types/node/-/node-20.11.7.tgz",
      "integrity": "sha512-GPmeN1C3XAyV5uybAf4cMLWT9fDWcmQhZVtMFu7OR32WjrqGG+Wnk2V1d0bmtUyE/Zy1QJ9BxyiTih9z8Oks8A==",
      "dependencies": {
        "undici-types": "~5.26.4"
      }
    },
    "node_modules/bun": {
      "version": "1.0.25",
      "resolved": "https://registry.npmjs.org/bun/-/bun-1.0.25.tgz",
      "integrity": "sha512-/AOzoPOtbrOga8pR/qbFX0fvgCxBEn3L29Dt90fUJMCyB8YC6YXG6P919NyF/cANgJ3Vman3fI4+nFm8QYlYoQ==",
      "cpu": [
        "arm64",
        "x64"
      ],
      "hasInstallScript": true,
      "os": [
        "darwin",
        "linux"
      ],
      "bin": {
        "bun": "bin/bun",
        "bunx": "bin/bun"
      },
      "optionalDependencies": {
        "@oven/bun-darwin-aarch64": "1.0.25",
        "@oven/bun-darwin-x64": "1.0.25",
        "@oven/bun-darwin-x64-baseline": "1.0.25",
        "@oven/bun-linux-aarch64": "1.0.25",
        "@oven/bun-linux-x64": "1.0.25",
        "@oven/bun-linux-x64-baseline": "1.0.25"
      }
    },
    "node_modules/prettier": {
      "version": "3.2.4",
      "resolved": "https://registry.npmjs.org/prettier/-/prettier-3.2.4.tgz",
      "integrity": "sha512-FWu1oLHKCrtpO1ypU6J0SbK2d9Ckwysq6bHj/uaCP26DxrPpppCLQRGVuqAxSTvhF00AcvDRyYrLNW7ocBhFFQ==",
      "bin": {
        "prettier": "bin/prettier.cjs"
      },
      "engines": {
        "node": ">=14"
      },
      "funding": {
        "url": "https://github.com/prettier/prettier?sponsor=1"
      }
    },
    "node_modules/typescript": {
      "version": "5.3.3",
      "resolved": "https://registry.npmjs.org/typescript/-/typescript-5.3.3.tgz",
      "integrity": "sha512-pXWcraxM0uxAS+tN0AG/BF2TyqmHO014Z070UsJ+pFvYuRSq8KH8DmWpnbXe0pEPDHXZV3FcAbJkijJ5oNEnWw==",
      "bin": {
        "tsc": "bin/tsc",
        "tsserver": "bin/tsserver"
      },
      "engines": {
        "node": ">=14.17"
      }
    },
    "node_modules/undici-types": {
      "version": "5.26.5",
      "resolved": "https://registry.npmjs.org/undici-types/-/undici-types-5.26.5.tgz",
      "integrity": "sha512-JlCMO+ehdEIKqlFxk6IfVoAUVmgz7cU7zD/h9XZ0qzeosSHmUJVOzSQvvYSYWXkFXC+IfLKSIffhv0sVZup6pA=="
    }
  }
}
